
Microsoft Visual Studio Solution File, Format Version 12.00
# Visual Studio Version 17
VisualStudioVersion = 17.6.33829.357
MinimumVisualStudioVersion = 10.0.40219.1
Project("{8BC9CEB8-8B4A-11D0-8D11-00A0C91BC942}") = "ConsoleApplication2", "ConsoleApplication2\ConsoleApplication2.vcxproj", "{A5D25990-CDE9-4F6F-A9C3-B84EB8B41094}"
EndProject
Global
	GlobalSection(SolutionConfigurationPlatforms) = preSolution
		Debug|x64 = Debug|x64
		Debug|x86 = Debug|x86
		Release|x64 = Release|x64
		Release|x86 = Release|x86
	EndGlobalSection
	GlobalSection(ProjectConfigurationPlatforms) = postSolution
		{A5D25990-CDE9-4F6F-A9C3-B84EB8B41094}.Debug|x64.ActiveCfg = Debug|x64
		{A5D25990-CDE9-4F6F-A9C3-B84EB8B41094}.Debug|x64.Build.0 = Debug|x64
		{A5D25990-CDE9-4F6F-A9C3-B84EB8B41094}.Debug|x86.ActiveCfg = Debug|Win32
		{A5D25990-CDE9-4F6F-A9C3-B84EB8B41094}.Debug|x86.Build.0 = Debug|Win32
		{A5D25990-CDE9-4F6F-A9C3-B84EB8B41094}.Release|x64.ActiveCfg = Release|x64
		{A5D25990-CDE9-4F6F-A9C3-B84EB8B41094}.Release|x64.Build.0 = Release|x64
		{A5D25990-CDE9-4F6F-A9C3-B84EB8B41094}.Release|x86.ActiveCfg = Release|Win32
		{A5D25990-CDE9-4F6F-A9C3-B84EB8B41094}.Release|x86.Build.0 = Release|Win32
	EndGlobalSection
	GlobalSection(SolutionProperties) = preSolution
		HideSolutionNode = FALSE
	EndGlobalSection
	GlobalSection(ExtensibilityGlobals) = postSolution
		SolutionGuid = {43A76526-BBBB-4129-A532-C08CB03C2105}
	EndGlobalSection
EndGlobal
